// !$*UTF8*$!
{
	archiveVersion = 1;
	classes = {
	};
	objectVersion = 51;
	objects = {

/* Begin PBXBuildFile section */
		2781FC82C9A89BC3BA7A79A4 /* Pods_YinzCam.framework in Frameworks */ = {isa = PBXBuildFile; fileRef = 2F1D5D993DF733E886F59C92 /* Pods_YinzCam.framework */; };
		316BC59F25AD012D00A77E55 /* LeagueGothic-Regular.otf in Resources */ = {isa = PBXBuildFile; fileRef = 31EA4B9825ACE75A0097AA61 /* LeagueGothic-Regular.otf */; };
		316BC5A025AD012D00A77E55 /* Maven Pro Bold.otf in Resources */ = {isa = PBXBuildFile; fileRef = 31EA4B9625ACE7590097AA61 /* Maven Pro Bold.otf */; };
		316BC5A125AD012D00A77E55 /* Maven Pro Regular.otf in Resources */ = {isa = PBXBuildFile; fileRef = 31EA4B9725ACE75A0097AA61 /* Maven Pro Regular.otf */; };
		3178796C25AD87B200131DF0 /* API.swift in Sources */ = {isa = PBXBuildFile; fileRef = 3178796B25AD87B200131DF0 /* API.swift */; };
		31BA564B25AD03E400E55FE5 /* UIColor+.swift in Sources */ = {isa = PBXBuildFile; fileRef = 31BA564A25AD03E400E55FE5 /* UIColor+.swift */; };
		31BA565025AD03F800E55FE5 /* UIViewController+.swift in Sources */ = {isa = PBXBuildFile; fileRef = 31BA564F25AD03F800E55FE5 /* UIViewController+.swift */; };
		31BA565525AD040100E55FE5 /* UILabel+.swift in Sources */ = {isa = PBXBuildFile; fileRef = 31BA565425AD040100E55FE5 /* UILabel+.swift */; };
		31BA565A25AD040800E55FE5 /* UIImage+.swift in Sources */ = {isa = PBXBuildFile; fileRef = 31BA565925AD040800E55FE5 /* UIImage+.swift */; };
		31BA565F25AD040E00E55FE5 /* UIFont+.swift in Sources */ = {isa = PBXBuildFile; fileRef = 31BA565E25AD040E00E55FE5 /* UIFont+.swift */; };
		31BA566425AD041500E55FE5 /* String+.swift in Sources */ = {isa = PBXBuildFile; fileRef = 31BA566325AD041500E55FE5 /* String+.swift */; };
		31BA566925AD041B00E55FE5 /* Global.swift in Sources */ = {isa = PBXBuildFile; fileRef = 31BA566825AD041B00E55FE5 /* Global.swift */; };
		31BA566E25AD042100E55FE5 /* CustomView.swift in Sources */ = {isa = PBXBuildFile; fileRef = 31BA566D25AD042100E55FE5 /* CustomView.swift */; };
		31BA567825AD2B0100E55FE5 /* MainTabBar.swift in Sources */ = {isa = PBXBuildFile; fileRef = 31BA567725AD2B0100E55FE5 /* MainTabBar.swift */; };
		31BA568425AD2B7700E55FE5 /* HomeVC.swift in Sources */ = {isa = PBXBuildFile; fileRef = 31BA568325AD2B7700E55FE5 /* HomeVC.swift */; };
		31BA568C25AD2B7F00E55FE5 /* SearchVC.swift in Sources */ = {isa = PBXBuildFile; fileRef = 31BA568B25AD2B7F00E55FE5 /* SearchVC.swift */; };
		31BA569125AD2B8C00E55FE5 /* FavoriteVC.swift in Sources */ = {isa = PBXBuildFile; fileRef = 31BA569025AD2B8C00E55FE5 /* FavoriteVC.swift */; };
		31BA569625AD2B9500E55FE5 /* SettingVC.swift in Sources */ = {isa = PBXBuildFile; fileRef = 31BA569525AD2B9500E55FE5 /* SettingVC.swift */; };
		31BA569E25AD311900E55FE5 /* SchedulesCVC.swift in Sources */ = {isa = PBXBuildFile; fileRef = 31BA569D25AD311900E55FE5 /* SchedulesCVC.swift */; };
		31BA56A325AD323700E55FE5 /* ScheduleCell.swift in Sources */ = {isa = PBXBuildFile; fileRef = 31BA56A225AD323700E55FE5 /* ScheduleCell.swift */; };
		31BA56A825AD408200E55FE5 /* UIDevice+.swift in Sources */ = {isa = PBXBuildFile; fileRef = 31BA56A725AD408200E55FE5 /* UIDevice+.swift */; };
		31EA4B6025ACE6B40097AA61 /* AppDelegate.swift in Sources */ = {isa = PBXBuildFile; fileRef = 31EA4B5F25ACE6B40097AA61 /* AppDelegate.swift */; };
		31EA4B6225ACE6B40097AA61 /* SceneDelegate.swift in Sources */ = {isa = PBXBuildFile; fileRef = 31EA4B6125ACE6B40097AA61 /* SceneDelegate.swift */; };
		31EA4B6425ACE6B40097AA61 /* SplashView.swift in Sources */ = {isa = PBXBuildFile; fileRef = 31EA4B6325ACE6B40097AA61 /* SplashView.swift */; };
		31EA4B6925ACE6B50097AA61 /* Assets.xcassets in Resources */ = {isa = PBXBuildFile; fileRef = 31EA4B6825ACE6B50097AA61 /* Assets.xcassets */; };
		31EA4B6C25ACE6B50097AA61 /* LaunchScreen.storyboard in Resources */ = {isa = PBXBuildFile; fileRef = 31EA4B6A25ACE6B50097AA61 /* LaunchScreen.storyboard */; };
		31EA4B7725ACE6B50097AA61 /* YinzCamTests.swift in Sources */ = {isa = PBXBuildFile; fileRef = 31EA4B7625ACE6B50097AA61 /* YinzCamTests.swift */; };
		31EA4B8225ACE6B50097AA61 /* YinzCamUITests.swift in Sources */ = {isa = PBXBuildFile; fileRef = 31EA4B8125ACE6B50097AA61 /* YinzCamUITests.swift */; };
		31EB2BDA25B28497001DA6F9 /* schedule.json in Resources */ = {isa = PBXBuildFile; fileRef = 31EB2BD925B28497001DA6F9 /* schedule.json */; };
/* End PBXBuildFile section */

/* Begin PBXContainerItemProxy section */
		31EA4B7325ACE6B50097AA61 /* PBXContainerItemProxy */ = {
			isa = PBXContainerItemProxy;
			containerPortal = 31EA4B5425ACE6B40097AA61 /* Project object */;
			proxyType = 1;
			remoteGlobalIDString = 31EA4B5B25ACE6B40097AA61;
			remoteInfo = YinzCam;
		};
		31EA4B7E25ACE6B50097AA61 /* PBXContainerItemProxy */ = {
			isa = PBXContainerItemProxy;
			containerPortal = 31EA4B5425ACE6B40097AA61 /* Project object */;
			proxyType = 1;
			remoteGlobalIDString = 31EA4B5B25ACE6B40097AA61;
			remoteInfo = YinzCam;
		};
/* End PBXContainerItemProxy section */

/* Begin PBXFileReference section */
		0E5C26DC109734759B684701 /* Pods-YinzCam.release.xcconfig */ = {isa = PBXFileReference; includeInIndex = 1; lastKnownFileType = text.xcconfig; name = "Pods-YinzCam.release.xcconfig"; path = "Target Support Files/Pods-YinzCam/Pods-YinzCam.release.xcconfig"; sourceTree = "<group>"; };
		2F1D5D993DF733E886F59C92 /* Pods_YinzCam.framework */ = {isa = PBXFileReference; explicitFileType = wrapper.framework; includeInIndex = 0; path = Pods_YinzCam.framework; sourceTree = BUILT_PRODUCTS_DIR; };
		3178796B25AD87B200131DF0 /* API.swift */ = {isa = PBXFileReference; lastKnownFileType = sourcecode.swift; path = API.swift; sourceTree = "<group>"; };
		31BA564A25AD03E400E55FE5 /* UIColor+.swift */ = {isa = PBXFileReference; lastKnownFileType = sourcecode.swift; path = "UIColor+.swift"; sourceTree = "<group>"; };
		31BA564F25AD03F800E55FE5 /* UIViewController+.swift */ = {isa = PBXFileReference; lastKnownFileType = sourcecode.swift; path = "UIViewController+.swift"; sourceTree = "<group>"; };
		31BA565425AD040100E55FE5 /* UILabel+.swift */ = {isa = PBXFileReference; lastKnownFileType = sourcecode.swift; path = "UILabel+.swift"; sourceTree = "<group>"; };
		31BA565925AD040800E55FE5 /* UIImage+.swift */ = {isa = PBXFileReference; lastKnownFileType = sourcecode.swift; path = "UIImage+.swift"; sourceTree = "<group>"; };
		31BA565E25AD040E00E55FE5 /* UIFont+.swift */ = {isa = PBXFileReference; lastKnownFileType = sourcecode.swift; path = "UIFont+.swift"; sourceTree = "<group>"; };
		31BA566325AD041500E55FE5 /* String+.swift */ = {isa = PBXFileReference; lastKnownFileType = sourcecode.swift; path = "String+.swift"; sourceTree = "<group>"; };
		31BA566825AD041B00E55FE5 /* Global.swift */ = {isa = PBXFileReference; lastKnownFileType = sourcecode.swift; path = Global.swift; sourceTree = "<group>"; };
		31BA566D25AD042100E55FE5 /* CustomView.swift */ = {isa = PBXFileReference; lastKnownFileType = sourcecode.swift; path = CustomView.swift; sourceTree = "<group>"; };
		31BA567725AD2B0100E55FE5 /* MainTabBar.swift */ = {isa = PBXFileReference; lastKnownFileType = sourcecode.swift; path = MainTabBar.swift; sourceTree = "<group>"; };
		31BA568325AD2B7700E55FE5 /* HomeVC.swift */ = {isa = PBXFileReference; lastKnownFileType = sourcecode.swift; path = HomeVC.swift; sourceTree = "<group>"; };
		31BA568B25AD2B7F00E55FE5 /* SearchVC.swift */ = {isa = PBXFileReference; lastKnownFileType = sourcecode.swift; path = SearchVC.swift; sourceTree = "<group>"; };
		31BA569025AD2B8C00E55FE5 /* FavoriteVC.swift */ = {isa = PBXFileReference; lastKnownFileType = sourcecode.swift; path = FavoriteVC.swift; sourceTree = "<group>"; };
		31BA569525AD2B9500E55FE5 /* SettingVC.swift */ = {isa = PBXFileReference; lastKnownFileType = sourcecode.swift; path = SettingVC.swift; sourceTree = "<group>"; };
		31BA569D25AD311900E55FE5 /* SchedulesCVC.swift */ = {isa = PBXFileReference; lastKnownFileType = sourcecode.swift; path = SchedulesCVC.swift; sourceTree = "<group>"; };
		31BA56A225AD323700E55FE5 /* ScheduleCell.swift */ = {isa = PBXFileReference; lastKnownFileType = sourcecode.swift; path = ScheduleCell.swift; sourceTree = "<group>"; };
		31BA56A725AD408200E55FE5 /* UIDevice+.swift */ = {isa = PBXFileReference; lastKnownFileType = sourcecode.swift; path = "UIDevice+.swift"; sourceTree = "<group>"; };
		31EA4B5C25ACE6B40097AA61 /* YinzCam.app */ = {isa = PBXFileReference; explicitFileType = wrapper.application; includeInIndex = 0; path = YinzCam.app; sourceTree = BUILT_PRODUCTS_DIR; };
		31EA4B5F25ACE6B40097AA61 /* AppDelegate.swift */ = {isa = PBXFileReference; lastKnownFileType = sourcecode.swift; path = AppDelegate.swift; sourceTree = "<group>"; };
		31EA4B6125ACE6B40097AA61 /* SceneDelegate.swift */ = {isa = PBXFileReference; lastKnownFileType = sourcecode.swift; path = SceneDelegate.swift; sourceTree = "<group>"; };
		31EA4B6325ACE6B40097AA61 /* SplashView.swift */ = {isa = PBXFileReference; lastKnownFileType = sourcecode.swift; path = SplashView.swift; sourceTree = "<group>"; };
		31EA4B6825ACE6B50097AA61 /* Assets.xcassets */ = {isa = PBXFileReference; lastKnownFileType = folder.assetcatalog; path = Assets.xcassets; sourceTree = "<group>"; };
		31EA4B6B25ACE6B50097AA61 /* Base */ = {isa = PBXFileReference; lastKnownFileType = file.storyboard; name = Base; path = Base.lproj/LaunchScreen.storyboard; sourceTree = "<group>"; };
		31EA4B6D25ACE6B50097AA61 /* Info.plist */ = {isa = PBXFileReference; lastKnownFileType = text.plist.xml; path = Info.plist; sourceTree = "<group>"; };
		31EA4B7225ACE6B50097AA61 /* YinzCamTests.xctest */ = {isa = PBXFileReference; explicitFileType = wrapper.cfbundle; includeInIndex = 0; path = YinzCamTests.xctest; sourceTree = BUILT_PRODUCTS_DIR; };
		31EA4B7625ACE6B50097AA61 /* YinzCamTests.swift */ = {isa = PBXFileReference; lastKnownFileType = sourcecode.swift; path = YinzCamTests.swift; sourceTree = "<group>"; };
		31EA4B7825ACE6B50097AA61 /* Info.plist */ = {isa = PBXFileReference; lastKnownFileType = text.plist.xml; path = Info.plist; sourceTree = "<group>"; };
		31EA4B7D25ACE6B50097AA61 /* YinzCamUITests.xctest */ = {isa = PBXFileReference; explicitFileType = wrapper.cfbundle; includeInIndex = 0; path = YinzCamUITests.xctest; sourceTree = BUILT_PRODUCTS_DIR; };
		31EA4B8125ACE6B50097AA61 /* YinzCamUITests.swift */ = {isa = PBXFileReference; lastKnownFileType = sourcecode.swift; path = YinzCamUITests.swift; sourceTree = "<group>"; };
		31EA4B8325ACE6B50097AA61 /* Info.plist */ = {isa = PBXFileReference; lastKnownFileType = text.plist.xml; path = Info.plist; sourceTree = "<group>"; };
		31EA4B9625ACE7590097AA61 /* Maven Pro Bold.otf */ = {isa = PBXFileReference; lastKnownFileType = file; path = "Maven Pro Bold.otf"; sourceTree = "<group>"; };
		31EA4B9725ACE75A0097AA61 /* Maven Pro Regular.otf */ = {isa = PBXFileReference; lastKnownFileType = file; path = "Maven Pro Regular.otf"; sourceTree = "<group>"; };
		31EA4B9825ACE75A0097AA61 /* LeagueGothic-Regular.otf */ = {isa = PBXFileReference; lastKnownFileType = file; path = "LeagueGothic-Regular.otf"; sourceTree = "<group>"; };
		31EB2BD925B28497001DA6F9 /* schedule.json */ = {isa = PBXFileReference; lastKnownFileType = text.json; path = schedule.json; sourceTree = "<group>"; };
		F7AC86A57EE530E65CF23C70 /* Pods-YinzCam.debug.xcconfig */ = {isa = PBXFileReference; includeInIndex = 1; lastKnownFileType = text.xcconfig; name = "Pods-YinzCam.debug.xcconfig"; path = "Target Support Files/Pods-YinzCam/Pods-YinzCam.debug.xcconfig"; sourceTree = "<group>"; };
/* End PBXFileReference section */

/* Begin PBXFrameworksBuildPhase section */
		31EA4B5925ACE6B40097AA61 /* Frameworks */ = {
			isa = PBXFrameworksBuildPhase;
			buildActionMask = 2147483647;
			files = (
				2781FC82C9A89BC3BA7A79A4 /* Pods_YinzCam.framework in Frameworks */,
			);
			runOnlyForDeploymentPostprocessing = 0;
		};
		31EA4B6F25ACE6B50097AA61 /* Frameworks */ = {
			isa = PBXFrameworksBuildPhase;
			buildActionMask = 2147483647;
			files = (
			);
			runOnlyForDeploymentPostprocessing = 0;
		};
		31EA4B7A25ACE6B50097AA61 /* Frameworks */ = {
			isa = PBXFrameworksBuildPhase;
			buildActionMask = 2147483647;
			files = (
			);
			runOnlyForDeploymentPostprocessing = 0;
		};
/* End PBXFrameworksBuildPhase section */

/* Begin PBXGroup section */
		316BC53B25ACF45100A77E55 /* Application */ = {
			isa = PBXGroup;
			children = (
				31EA4B5F25ACE6B40097AA61 /* AppDelegate.swift */,
				31EA4B6125ACE6B40097AA61 /* SceneDelegate.swift */,
				31EA4B6825ACE6B50097AA61 /* Assets.xcassets */,
				31EA4B6A25ACE6B50097AA61 /* LaunchScreen.storyboard */,
				31EA4B6D25ACE6B50097AA61 /* Info.plist */,
			);
			path = Application;
			sourceTree = "<group>";
		};
		316BC53C25ACF45A00A77E55 /* Extensions */ = {
			isa = PBXGroup;
			children = (
				31BA564A25AD03E400E55FE5 /* UIColor+.swift */,
				31BA564F25AD03F800E55FE5 /* UIViewController+.swift */,
				31BA565425AD040100E55FE5 /* UILabel+.swift */,
				31BA565925AD040800E55FE5 /* UIImage+.swift */,
				31BA565E25AD040E00E55FE5 /* UIFont+.swift */,
				31BA566325AD041500E55FE5 /* String+.swift */,
				31BA566825AD041B00E55FE5 /* Global.swift */,
				31BA56A725AD408200E55FE5 /* UIDevice+.swift */,
				31BA566D25AD042100E55FE5 /* CustomView.swift */,
			);
			path = Extensions;
			sourceTree = "<group>";
		};
		316BC53D25ACF46700A77E55 /* API */ = {
			isa = PBXGroup;
			children = (
				3178796B25AD87B200131DF0 /* API.swift */,
				31EB2BD925B28497001DA6F9 /* schedule.json */,
			);
			path = API;
			sourceTree = "<group>";
		};
		316BC53E25ACF47400A77E55 /* Splash */ = {
			isa = PBXGroup;
			children = (
				31EA4B6325ACE6B40097AA61 /* SplashView.swift */,
			);
			path = Splash;
			sourceTree = "<group>";
		};
		316BC53F25ACF47C00A77E55 /* Authentication */ = {
			isa = PBXGroup;
			children = (
			);
			path = Authentication;
			sourceTree = "<group>";
		};
		316BC54025ACF48700A77E55 /* MainTab */ = {
			isa = PBXGroup;
			children = (
				31BA567725AD2B0100E55FE5 /* MainTabBar.swift */,
				31BA567C25AD2B3800E55FE5 /* Home */,
				31BA567D25AD2B3F00E55FE5 /* Search */,
				31BA567E25AD2B4500E55FE5 /* Favorite */,
				31BA567F25AD2B4E00E55FE5 /* Setting */,
			);
			path = MainTab;
			sourceTree = "<group>";
		};
		31BA567C25AD2B3800E55FE5 /* Home */ = {
			isa = PBXGroup;
			children = (
				31BA568325AD2B7700E55FE5 /* HomeVC.swift */,
				31BA569D25AD311900E55FE5 /* SchedulesCVC.swift */,
				31BA56A225AD323700E55FE5 /* ScheduleCell.swift */,
			);
			path = Home;
			sourceTree = "<group>";
		};
		31BA567D25AD2B3F00E55FE5 /* Search */ = {
			isa = PBXGroup;
			children = (
				31BA568B25AD2B7F00E55FE5 /* SearchVC.swift */,
			);
			path = Search;
			sourceTree = "<group>";
		};
		31BA567E25AD2B4500E55FE5 /* Favorite */ = {
			isa = PBXGroup;
			children = (
				31BA569025AD2B8C00E55FE5 /* FavoriteVC.swift */,
			);
			path = Favorite;
			sourceTree = "<group>";
		};
		31BA567F25AD2B4E00E55FE5 /* Setting */ = {
			isa = PBXGroup;
			children = (
				31BA569525AD2B9500E55FE5 /* SettingVC.swift */,
			);
			path = Setting;
			sourceTree = "<group>";
		};
		31EA4B5325ACE6B40097AA61 = {
			isa = PBXGroup;
			children = (
				31EA4B5E25ACE6B40097AA61 /* YinzCam */,
				31EA4B7525ACE6B50097AA61 /* YinzCamTests */,
				31EA4B8025ACE6B50097AA61 /* YinzCamUITests */,
				31EA4B5D25ACE6B40097AA61 /* Products */,
				BE46E19E8A7A238424E0C1E9 /* Pods */,
				6E4D5FBB4E590CBEA4171C69 /* Frameworks */,
			);
			sourceTree = "<group>";
		};
		31EA4B5D25ACE6B40097AA61 /* Products */ = {
			isa = PBXGroup;
			children = (
				31EA4B5C25ACE6B40097AA61 /* YinzCam.app */,
				31EA4B7225ACE6B50097AA61 /* YinzCamTests.xctest */,
				31EA4B7D25ACE6B50097AA61 /* YinzCamUITests.xctest */,
			);
			name = Products;
			sourceTree = "<group>";
		};
		31EA4B5E25ACE6B40097AA61 /* YinzCam */ = {
			isa = PBXGroup;
			children = (
				31EA4B9525ACE74D0097AA61 /* Fonts */,
				316BC53B25ACF45100A77E55 /* Application */,
				316BC53C25ACF45A00A77E55 /* Extensions */,
				316BC53D25ACF46700A77E55 /* API */,
				316BC53E25ACF47400A77E55 /* Splash */,
				316BC53F25ACF47C00A77E55 /* Authentication */,
				316BC54025ACF48700A77E55 /* MainTab */,
			);
			path = YinzCam;
			sourceTree = "<group>";
		};
		31EA4B7525ACE6B50097AA61 /* YinzCamTests */ = {
			isa = PBXGroup;
			children = (
				31EA4B7625ACE6B50097AA61 /* YinzCamTests.swift */,
				31EA4B7825ACE6B50097AA61 /* Info.plist */,
			);
			path = YinzCamTests;
			sourceTree = "<group>";
		};
		31EA4B8025ACE6B50097AA61 /* YinzCamUITests */ = {
			isa = PBXGroup;
			children = (
				31EA4B8125ACE6B50097AA61 /* YinzCamUITests.swift */,
				31EA4B8325ACE6B50097AA61 /* Info.plist */,
			);
			path = YinzCamUITests;
			sourceTree = "<group>";
		};
		31EA4B9525ACE74D0097AA61 /* Fonts */ = {
			isa = PBXGroup;
			children = (
				31EA4B9825ACE75A0097AA61 /* LeagueGothic-Regular.otf */,
				31EA4B9625ACE7590097AA61 /* Maven Pro Bold.otf */,
				31EA4B9725ACE75A0097AA61 /* Maven Pro Regular.otf */,
			);
			path = Fonts;
			sourceTree = "<group>";
		};
		6E4D5FBB4E590CBEA4171C69 /* Frameworks */ = {
			isa = PBXGroup;
			children = (
				2F1D5D993DF733E886F59C92 /* Pods_YinzCam.framework */,
			);
			name = Frameworks;
			sourceTree = "<group>";
		};
		BE46E19E8A7A238424E0C1E9 /* Pods */ = {
			isa = PBXGroup;
			children = (
				F7AC86A57EE530E65CF23C70 /* Pods-YinzCam.debug.xcconfig */,
				0E5C26DC109734759B684701 /* Pods-YinzCam.release.xcconfig */,
			);
			path = Pods;
			sourceTree = "<group>";
		};
/* End PBXGroup section */

/* Begin PBXNativeTarget section */
		31EA4B5B25ACE6B40097AA61 /* YinzCam */ = {
			isa = PBXNativeTarget;
			buildConfigurationList = 31EA4B8625ACE6B50097AA61 /* Build configuration list for PBXNativeTarget "YinzCam" */;
			buildPhases = (
				8FE6B79B0C420458FC81E8E6 /* [CP] Check Pods Manifest.lock */,
				31EA4B5825ACE6B40097AA61 /* Sources */,
				31EA4B5925ACE6B40097AA61 /* Frameworks */,
				31EA4B5A25ACE6B40097AA61 /* Resources */,
				3F9978ADFC5119A69B4477A5 /* [CP] Embed Pods Frameworks */,
			);
			buildRules = (
			);
			dependencies = (
			);
			name = YinzCam;
			productName = YinzCam;
			productReference = 31EA4B5C25ACE6B40097AA61 /* YinzCam.app */;
			productType = "com.apple.product-type.application";
		};
		31EA4B7125ACE6B50097AA61 /* YinzCamTests */ = {
			isa = PBXNativeTarget;
			buildConfigurationList = 31EA4B8925ACE6B50097AA61 /* Build configuration list for PBXNativeTarget "YinzCamTests" */;
			buildPhases = (
				31EA4B6E25ACE6B50097AA61 /* Sources */,
				31EA4B6F25ACE6B50097AA61 /* Frameworks */,
				31EA4B7025ACE6B50097AA61 /* Resources */,
			);
			buildRules = (
			);
			dependencies = (
				31EA4B7425ACE6B50097AA61 /* PBXTargetDependency */,
			);
			name = YinzCamTests;
			productName = YinzCamTests;
			productReference = 31EA4B7225ACE6B50097AA61 /* YinzCamTests.xctest */;
			productType = "com.apple.product-type.bundle.unit-test";
		};
		31EA4B7C25ACE6B50097AA61 /* YinzCamUITests */ = {
			isa = PBXNativeTarget;
			buildConfigurationList = 31EA4B8C25ACE6B50097AA61 /* Build configuration list for PBXNativeTarget "YinzCamUITests" */;
			buildPhases = (
				31EA4B7925ACE6B50097AA61 /* Sources */,
				31EA4B7A25ACE6B50097AA61 /* Frameworks */,
				31EA4B7B25ACE6B50097AA61 /* Resources */,
			);
			buildRules = (
			);
			dependencies = (
				31EA4B7F25ACE6B50097AA61 /* PBXTargetDependency */,
			);
			name = YinzCamUITests;
			productName = YinzCamUITests;
			productReference = 31EA4B7D25ACE6B50097AA61 /* YinzCamUITests.xctest */;
			productType = "com.apple.product-type.bundle.ui-testing";
		};
/* End PBXNativeTarget section */

/* Begin PBXProject section */
		31EA4B5425ACE6B40097AA61 /* Project object */ = {
			isa = PBXProject;
			attributes = {
				LastSwiftUpdateCheck = 1230;
				LastUpgradeCheck = 1230;
				TargetAttributes = {
					31EA4B5B25ACE6B40097AA61 = {
						CreatedOnToolsVersion = 12.3;
					};
					31EA4B7125ACE6B50097AA61 = {
						CreatedOnToolsVersion = 12.3;
						TestTargetID = 31EA4B5B25ACE6B40097AA61;
					};
					31EA4B7C25ACE6B50097AA61 = {
						CreatedOnToolsVersion = 12.3;
						TestTargetID = 31EA4B5B25ACE6B40097AA61;
					};
				};
			};
			buildConfigurationList = 31EA4B5725ACE6B40097AA61 /* Build configuration list for PBXProject "YinzCam" */;
			compatibilityVersion = "Xcode 9.3";
			developmentRegion = en;
			hasScannedForEncodings = 0;
			knownRegions = (
				en,
				Base,
			);
			mainGroup = 31EA4B5325ACE6B40097AA61;
			productRefGroup = 31EA4B5D25ACE6B40097AA61 /* Products */;
			projectDirPath = "";
			projectRoot = "";
			targets = (
				31EA4B5B25ACE6B40097AA61 /* YinzCam */,
				31EA4B7125ACE6B50097AA61 /* YinzCamTests */,
				31EA4B7C25ACE6B50097AA61 /* YinzCamUITests */,
			);
		};
/* End PBXProject section */

/* Begin PBXResourcesBuildPhase section */
		31EA4B5A25ACE6B40097AA61 /* Resources */ = {
			isa = PBXResourcesBuildPhase;
			buildActionMask = 2147483647;
			files = (
				31EA4B6C25ACE6B50097AA61 /* LaunchScreen.storyboard in Resources */,
				31EA4B6925ACE6B50097AA61 /* Assets.xcassets in Resources */,
				31EB2BDA25B28497001DA6F9 /* schedule.json in Resources */,
				316BC5A125AD012D00A77E55 /* Maven Pro Regular.otf in Resources */,
				316BC5A025AD012D00A77E55 /* Maven Pro Bold.otf in Resources */,
				316BC59F25AD012D00A77E55 /* LeagueGothic-Regular.otf in Resources */,
			);
			runOnlyForDeploymentPostprocessing = 0;
		};
		31EA4B7025ACE6B50097AA61 /* Resources */ = {
			isa = PBXResourcesBuildPhase;
			buildActionMask = 2147483647;
			files = (
			);
			runOnlyForDeploymentPostprocessing = 0;
		};
		31EA4B7B25ACE6B50097AA61 /* Resources */ = {
			isa = PBXResourcesBuildPhase;
			buildActionMask = 2147483647;
			files = (
			);
			runOnlyForDeploymentPostprocessing = 0;
		};
/* End PBXResourcesBuildPhase section */

/* Begin PBXShellScriptBuildPhase section */
		3F9978ADFC5119A69B4477A5 /* [CP] Embed Pods Frameworks */ = {
			isa = PBXShellScriptBuildPhase;
			buildActionMask = 2147483647;
			files = (
			);
			inputFileListPaths = (
				"${PODS_ROOT}/Target Support Files/Pods-YinzCam/Pods-YinzCam-frameworks-${CONFIGURATION}-input-files.xcfilelist",
			);
			name = "[CP] Embed Pods Frameworks";
			outputFileListPaths = (
				"${PODS_ROOT}/Target Support Files/Pods-YinzCam/Pods-YinzCam-frameworks-${CONFIGURATION}-output-files.xcfilelist",
			);
			runOnlyForDeploymentPostprocessing = 0;
			shellPath = /bin/sh;
			shellScript = "\"${PODS_ROOT}/Target Support Files/Pods-YinzCam/Pods-YinzCam-frameworks.sh\"\n";
			showEnvVarsInLog = 0;
		};
		8FE6B79B0C420458FC81E8E6 /* [CP] Check Pods Manifest.lock */ = {
			isa = PBXShellScriptBuildPhase;
			buildActionMask = 2147483647;
			files = (
			);
			inputFileListPaths = (
			);
			inputPaths = (
				"${PODS_PODFILE_DIR_PATH}/Podfile.lock",
				"${PODS_ROOT}/Manifest.lock",
			);
			name = "[CP] Check Pods Manifest.lock";
			outputFileListPaths = (
			);
			outputPaths = (
				"$(DERIVED_FILE_DIR)/Pods-YinzCam-checkManifestLockResult.txt",
			);
			runOnlyForDeploymentPostprocessing = 0;
			shellPath = /bin/sh;
			shellScript = "diff \"${PODS_PODFILE_DIR_PATH}/Podfile.lock\" \"${PODS_ROOT}/Manifest.lock\" > /dev/null\nif [ $? != 0 ] ; then\n    # print error to STDERR\n    echo \"error: The sandbox is not in sync with the Podfile.lock. Run 'pod install' or update your CocoaPods installation.\" >&2\n    exit 1\nfi\n# This output is used by Xcode 'outputs' to avoid re-running this script phase.\necho \"SUCCESS\" > \"${SCRIPT_OUTPUT_FILE_0}\"\n";
			showEnvVarsInLog = 0;
		};
/* End PBXShellScriptBuildPhase section */

/* Begin PBXSourcesBuildPhase section */
		31EA4B5825ACE6B40097AA61 /* Sources */ = {
			isa = PBXSourcesBuildPhase;
			buildActionMask = 2147483647;
			files = (
				31BA568425AD2B7700E55FE5 /* HomeVC.swift in Sources */,
				31BA56A825AD408200E55FE5 /* UIDevice+.swift in Sources */,
				31BA565F25AD040E00E55FE5 /* UIFont+.swift in Sources */,
				31BA569E25AD311900E55FE5 /* SchedulesCVC.swift in Sources */,
				31BA566425AD041500E55FE5 /* String+.swift in Sources */,
				31BA56A325AD323700E55FE5 /* ScheduleCell.swift in Sources */,
				31BA569125AD2B8C00E55FE5 /* FavoriteVC.swift in Sources */,
				31BA565525AD040100E55FE5 /* UILabel+.swift in Sources */,
				31BA565A25AD040800E55FE5 /* UIImage+.swift in Sources */,
				31BA568C25AD2B7F00E55FE5 /* SearchVC.swift in Sources */,
				31EA4B6425ACE6B40097AA61 /* SplashView.swift in Sources */,
				31BA564B25AD03E400E55FE5 /* UIColor+.swift in Sources */,
				31BA569625AD2B9500E55FE5 /* SettingVC.swift in Sources */,
				31BA566E25AD042100E55FE5 /* CustomView.swift in Sources */,
				3178796C25AD87B200131DF0 /* API.swift in Sources */,
				31BA565025AD03F800E55FE5 /* UIViewController+.swift in Sources */,
				31EA4B6025ACE6B40097AA61 /* AppDelegate.swift in Sources */,
				31BA566925AD041B00E55FE5 /* Global.swift in Sources */,
				31EA4B6225ACE6B40097AA61 /* SceneDelegate.swift in Sources */,
				31BA567825AD2B0100E55FE5 /* MainTabBar.swift in Sources */,
			);
			runOnlyForDeploymentPostprocessing = 0;
		};
		31EA4B6E25ACE6B50097AA61 /* Sources */ = {
			isa = PBXSourcesBuildPhase;
			buildActionMask = 2147483647;
			files = (
				31EA4B7725ACE6B50097AA61 /* YinzCamTests.swift in Sources */,
			);
			runOnlyForDeploymentPostprocessing = 0;
		};
		31EA4B7925ACE6B50097AA61 /* Sources */ = {
			isa = PBXSourcesBuildPhase;
			buildActionMask = 2147483647;
			files = (
				31EA4B8225ACE6B50097AA61 /* YinzCamUITests.swift in Sources */,
			);
			runOnlyForDeploymentPostprocessing = 0;
		};
/* End PBXSourcesBuildPhase section */

/* Begin PBXTargetDependency section */
		31EA4B7425ACE6B50097AA61 /* PBXTargetDependency */ = {
			isa = PBXTargetDependency;
			target = 31EA4B5B25ACE6B40097AA61 /* YinzCam */;
			targetProxy = 31EA4B7325ACE6B50097AA61 /* PBXContainerItemProxy */;
		};
		31EA4B7F25ACE6B50097AA61 /* PBXTargetDependency */ = {
			isa = PBXTargetDependency;
			target = 31EA4B5B25ACE6B40097AA61 /* YinzCam */;
			targetProxy = 31EA4B7E25ACE6B50097AA61 /* PBXContainerItemProxy */;
		};
/* End PBXTargetDependency section */

/* Begin PBXVariantGroup section */
		31EA4B6A25ACE6B50097AA61 /* LaunchScreen.storyboard */ = {
			isa = PBXVariantGroup;
			children = (
				31EA4B6B25ACE6B50097AA61 /* Base */,
			);
			name = LaunchScreen.storyboard;
			sourceTree = "<group>";
		};
/* End PBXVariantGroup section */

/* Begin XCBuildConfiguration section */
		31EA4B8425ACE6B50097AA61 /* Debug */ = {
			isa = XCBuildConfiguration;
			buildSettings = {
				ALWAYS_SEARCH_USER_PATHS = NO;
				CLANG_ANALYZER_NONNULL = YES;
				CLANG_ANALYZER_NUMBER_OBJECT_CONVERSION = YES_AGGRESSIVE;
				CLANG_CXX_LANGUAGE_STANDARD = "gnu++14";
				CLANG_CXX_LIBRARY = "libc++";
				CLANG_ENABLE_MODULES = YES;
				CLANG_ENABLE_OBJC_ARC = YES;
				CLANG_ENABLE_OBJC_WEAK = YES;
				CLANG_WARN_BLOCK_CAPTURE_AUTORELEASING = YES;
				CLANG_WARN_BOOL_CONVERSION = YES;
				CLANG_WARN_COMMA = YES;
				CLANG_WARN_CONSTANT_CONVERSION = YES;
				CLANG_WARN_DEPRECATED_OBJC_IMPLEMENTATIONS = YES;
				CLANG_WARN_DIRECT_OBJC_ISA_USAGE = YES_ERROR;
				CLANG_WARN_DOCUMENTATION_COMMENTS = YES;
				CLANG_WARN_EMPTY_BODY = YES;
				CLANG_WARN_ENUM_CONVERSION = YES;
				CLANG_WARN_INFINITE_RECURSION = YES;
				CLANG_WARN_INT_CONVERSION = YES;
				CLANG_WARN_NON_LITERAL_NULL_CONVERSION = YES;
				CLANG_WARN_OBJC_IMPLICIT_RETAIN_SELF = YES;
				CLANG_WARN_OBJC_LITERAL_CONVERSION = YES;
				CLANG_WARN_OBJC_ROOT_CLASS = YES_ERROR;
				CLANG_WARN_QUOTED_INCLUDE_IN_FRAMEWORK_HEADER = YES;
				CLANG_WARN_RANGE_LOOP_ANALYSIS = YES;
				CLANG_WARN_STRICT_PROTOTYPES = YES;
				CLANG_WARN_SUSPICIOUS_MOVE = YES;
				CLANG_WARN_UNGUARDED_AVAILABILITY = YES_AGGRESSIVE;
				CLANG_WARN_UNREACHABLE_CODE = YES;
				CLANG_WARN__DUPLICATE_METHOD_MATCH = YES;
				COPY_PHASE_STRIP = NO;
				DEBUG_INFORMATION_FORMAT = dwarf;
				ENABLE_STRICT_OBJC_MSGSEND = YES;
				ENABLE_TESTABILITY = YES;
				GCC_C_LANGUAGE_STANDARD = gnu11;
				GCC_DYNAMIC_NO_PIC = NO;
				GCC_NO_COMMON_BLOCKS = YES;
				GCC_OPTIMIZATION_LEVEL = 0;
				GCC_PREPROCESSOR_DEFINITIONS = (
					"DEBUG=1",
					"$(inherited)",
				);
				GCC_WARN_64_TO_32_BIT_CONVERSION = YES;
				GCC_WARN_ABOUT_RETURN_TYPE = YES_ERROR;
				GCC_WARN_UNDECLARED_SELECTOR = YES;
				GCC_WARN_UNINITIALIZED_AUTOS = YES_AGGRESSIVE;
				GCC_WARN_UNUSED_FUNCTION = YES;
				GCC_WARN_UNUSED_VARIABLE = YES;
				IPHONEOS_DEPLOYMENT_TARGET = 14.3;
				MTL_ENABLE_DEBUG_INFO = INCLUDE_SOURCE;
				MTL_FAST_MATH = YES;
				ONLY_ACTIVE_ARCH = YES;
				SDKROOT = iphoneos;
				SWIFT_ACTIVE_COMPILATION_CONDITIONS = DEBUG;
				SWIFT_OPTIMIZATION_LEVEL = "-Onone";
			};
			name = Debug;
		};
		31EA4B8525ACE6B50097AA61 /* Release */ = {
			isa = XCBuildConfiguration;
			buildSettings = {
				ALWAYS_SEARCH_USER_PATHS = NO;
				CLANG_ANALYZER_NONNULL = YES;
				CLANG_ANALYZER_NUMBER_OBJECT_CONVERSION = YES_AGGRESSIVE;
				CLANG_CXX_LANGUAGE_STANDARD = "gnu++14";
				CLANG_CXX_LIBRARY = "libc++";
				CLANG_ENABLE_MODULES = YES;
				CLANG_ENABLE_OBJC_ARC = YES;
				CLANG_ENABLE_OBJC_WEAK = YES;
				CLANG_WARN_BLOCK_CAPTURE_AUTORELEASING = YES;
				CLANG_WARN_BOOL_CONVERSION = YES;
				CLANG_WARN_COMMA = YES;
				CLANG_WARN_CONSTANT_CONVERSION = YES;
				CLANG_WARN_DEPRECATED_OBJC_IMPLEMENTATIONS = YES;
				CLANG_WARN_DIRECT_OBJC_ISA_USAGE = YES_ERROR;
				CLANG_WARN_DOCUMENTATION_COMMENTS = YES;
				CLANG_WARN_EMPTY_BODY = YES;
				CLANG_WARN_ENUM_CONVERSION = YES;
				CLANG_WARN_INFINITE_RECURSION = YES;
				CLANG_WARN_INT_CONVERSION = YES;
				CLANG_WARN_NON_LITERAL_NULL_CONVERSION = YES;
				CLANG_WARN_OBJC_IMPLICIT_RETAIN_SELF = YES;
				CLANG_WARN_OBJC_LITERAL_CONVERSION = YES;
				CLANG_WARN_OBJC_ROOT_CLASS = YES_ERROR;
				CLANG_WARN_QUOTED_INCLUDE_IN_FRAMEWORK_HEADER = YES;
				CLANG_WARN_RANGE_LOOP_ANALYSIS = YES;
				CLANG_WARN_STRICT_PROTOTYPES = YES;
				CLANG_WARN_SUSPICIOUS_MOVE = YES;
				CLANG_WARN_UNGUARDED_AVAILABILITY = YES_AGGRESSIVE;
				CLANG_WARN_UNREACHABLE_CODE = YES;
				CLANG_WARN__DUPLICATE_METHOD_MATCH = YES;
				COPY_PHASE_STRIP = NO;
				DEBUG_INFORMATION_FORMAT = "dwarf-with-dsym";
				ENABLE_NS_ASSERTIONS = NO;
				ENABLE_STRICT_OBJC_MSGSEND = YES;
				GCC_C_LANGUAGE_STANDARD = gnu11;
				GCC_NO_COMMON_BLOCKS = YES;
				GCC_WARN_64_TO_32_BIT_CONVERSION = YES;
				GCC_WARN_ABOUT_RETURN_TYPE = YES_ERROR;
				GCC_WARN_UNDECLARED_SELECTOR = YES;
				GCC_WARN_UNINITIALIZED_AUTOS = YES_AGGRESSIVE;
				GCC_WARN_UNUSED_FUNCTION = YES;
				GCC_WARN_UNUSED_VARIABLE = YES;
				IPHONEOS_DEPLOYMENT_TARGET = 14.3;
				MTL_ENABLE_DEBUG_INFO = NO;
				MTL_FAST_MATH = YES;
				SDKROOT = iphoneos;
				SWIFT_COMPILATION_MODE = wholemodule;
				SWIFT_OPTIMIZATION_LEVEL = "-O";
				VALIDATE_PRODUCT = YES;
			};
			name = Release;
		};
		31EA4B8725ACE6B50097AA61 /* Debug */ = {
			isa = XCBuildConfiguration;
			baseConfigurationReference = F7AC86A57EE530E65CF23C70 /* Pods-YinzCam.debug.xcconfig */;
			buildSettings = {
				ASSETCATALOG_COMPILER_APPICON_NAME = AppIcon;
				ASSETCATALOG_COMPILER_GLOBAL_ACCENT_COLOR_NAME = AccentColor;
				CODE_SIGN_STYLE = Automatic;
				DEVELOPMENT_TEAM = YDBB8774WP;
				INFOPLIST_FILE = "$(SRCROOT)/YinzCam/Application/Info.plist";
				LD_RUNPATH_SEARCH_PATHS = (
					"$(inherited)",
					"@executable_path/Frameworks",
				);
				PRODUCT_BUNDLE_IDENTIFIER = com.kyoheo.YinzCam;
				PRODUCT_NAME = "$(TARGET_NAME)";
				SWIFT_VERSION = 5.0;
				TARGETED_DEVICE_FAMILY = 1;
			};
			name = Debug;
		};
		31EA4B8825ACE6B50097AA61 /* Release */ = {
			isa = XCBuildConfiguration;
			baseConfigurationReference = 0E5C26DC109734759B684701 /* Pods-YinzCam.release.xcconfig */;
			buildSettings = {
				ASSETCATALOG_COMPILER_APPICON_NAME = AppIcon;
				ASSETCATALOG_COMPILER_GLOBAL_ACCENT_COLOR_NAME = AccentColor;
				CODE_SIGN_STYLE = Automatic;
				DEVELOPMENT_TEAM = YDBB8774WP;
				INFOPLIST_FILE = "$(SRCROOT)/YinzCam/Application/Info.plist";
				LD_RUNPATH_SEARCH_PATHS = (
					"$(inherited)",
					"@executable_path/Frameworks",
				);
				PRODUCT_BUNDLE_IDENTIFIER = com.kyoheo.YinzCam;
				PRODUCT_NAME = "$(TARGET_NAME)";
				SWIFT_VERSION = 5.0;
				TARGETED_DEVICE_FAMILY = 1;
			};
			name = Release;
		};
		31EA4B8A25ACE6B50097AA61 /* Debug */ = {
			isa = XCBuildConfiguration;
			buildSettings = {
				ALWAYS_EMBED_SWIFT_STANDARD_LIBRARIES = YES;
				BUNDLE_LOADER = "$(TEST_HOST)";
				CODE_SIGN_STYLE = Automatic;
				DEVELOPMENT_TEAM = YDBB8774WP;
				INFOPLIST_FILE = YinzCamTests/Info.plist;
				IPHONEOS_DEPLOYMENT_TARGET = 14.3;
				LD_RUNPATH_SEARCH_PATHS = (
					"$(inherited)",
					"@executable_path/Frameworks",
					"@loader_path/Frameworks",
				);
				PRODUCT_BUNDLE_IDENTIFIER = com.kyoheo.YinzCamTests;
				PRODUCT_NAME = "$(TARGET_NAME)";
				SWIFT_VERSION = 5.0;
				TARGETED_DEVICE_FAMILY = "1,2";
				TEST_HOST = "$(BUILT_PRODUCTS_DIR)/YinzCam.app/YinzCam";
			};
			name = Debug;
		};
		31EA4B8B25ACE6B50097AA61 /* Release */ = {
			isa = XCBuildConfiguration;
			buildSettings = {
				ALWAYS_EMBED_SWIFT_STANDARD_LIBRARIES = YES;
				BUNDLE_LOADER = "$(TEST_HOST)";
				CODE_SIGN_STYLE = Automatic;
				DEVELOPMENT_TEAM = YDBB8774WP;
				INFOPLIST_FILE = YinzCamTests/Info.plist;
				IPHONEOS_DEPLOYMENT_TARGET = 14.3;
				LD_RUNPATH_SEARCH_PATHS = (
					"$(inherited)",
					"@executable_path/Frameworks",
					"@loader_path/Frameworks",
				);
				PRODUCT_BUNDLE_IDENTIFIER = com.kyoheo.YinzCamTests;
				PRODUCT_NAME = "$(TARGET_NAME)";
				SWIFT_VERSION = 5.0;
				TARGETED_DEVICE_FAMILY = "1,2";
				TEST_HOST = "$(BUILT_PRODUCTS_DIR)/YinzCam.app/YinzCam";
			};
			name = Release;
		};
		31EA4B8D25ACE6B50097AA61 /* Debug */ = {
			isa = XCBuildConfiguration;
			buildSettings = {
				ALWAYS_EMBED_SWIFT_STANDARD_LIBRARIES = YES;
				CODE_SIGN_STYLE = Automatic;
				DEVELOPMENT_TEAM = YDBB8774WP;
				INFOPLIST_FILE = YinzCamUITests/Info.plist;
				LD_RUNPATH_SEARCH_PATHS = (
					"$(inherited)",
					"@executable_path/Frameworks",
					"@loader_path/Frameworks",
				);
				PRODUCT_BUNDLE_IDENTIFIER = com.kyoheo.YinzCamUITests;
				PRODUCT_NAME = "$(TARGET_NAME)";
				SWIFT_VERSION = 5.0;
				TARGETED_DEVICE_FAMILY = "1,2";
				TEST_TARGET_NAME = YinzCam;
			};
			name = Debug;
		};
		31EA4B8E25ACE6B50097AA61 /* Release */ = {
			isa = XCBuildConfiguration;
			buildSettings = {
				ALWAYS_EMBED_SWIFT_STANDARD_LIBRARIES = YES;
				CODE_SIGN_STYLE = Automatic;
				DEVELOPMENT_TEAM = YDBB8774WP;
				INFOPLIST_FILE = YinzCamUITests/Info.plist;
				LD_RUNPATH_SEARCH_PATHS = (
					"$(inherited)",
					"@executable_path/Frameworks",
					"@loader_path/Frameworks",
				);
				PRODUCT_BUNDLE_IDENTIFIER = com.kyoheo.YinzCamUITests;
				PRODUCT_NAME = "$(TARGET_NAME)";
				SWIFT_VERSION = 5.0;
				TARGETED_DEVICE_FAMILY = "1,2";
				TEST_TARGET_NAME = YinzCam;
			};
			name = Release;
		};
/* End XCBuildConfiguration section */

/* Begin XCConfigurationList section */
		31EA4B5725ACE6B40097AA61 /* Build configuration list for PBXProject "YinzCam" */ = {
			isa = XCConfigurationList;
			buildConfigurations = (
				31EA4B8425ACE6B50097AA61 /* Debug */,
				31EA4B8525ACE6B50097AA61 /* Release */,
			);
			defaultConfigurationIsVisible = 0;
			defaultConfigurationName = Release;
		};
		31EA4B8625ACE6B50097AA61 /* Build configuration list for PBXNativeTarget "YinzCam" */ = {
			isa = XCConfigurationList;
			buildConfigurations = (
				31EA4B8725ACE6B50097AA61 /* Debug */,
				31EA4B8825ACE6B50097AA61 /* Release */,
			);
			defaultConfigurationIsVisible = 0;
			defaultConfigurationName = Release;
		};
		31EA4B8925ACE6B50097AA61 /* Build configuration list for PBXNativeTarget "YinzCamTests" */ = {
			isa = XCConfigurationList;
			buildConfigurations = (
				31EA4B8A25ACE6B50097AA61 /* Debug */,
				31EA4B8B25ACE6B50097AA61 /* Release */,
			);
			defaultConfigurationIsVisible = 0;
			defaultConfigurationName = Release;
		};
		31EA4B8C25ACE6B50097AA61 /* Build configuration list for PBXNativeTarget "YinzCamUITests" */ = {
			isa = XCConfigurationList;
			buildConfigurations = (
				31EA4B8D25ACE6B50097AA61 /* Debug */,
				31EA4B8E25ACE6B50097AA61 /* Release */,
			);
			defaultConfigurationIsVisible = 0;
			defaultConfigurationName = Release;
		};
/* End XCConfigurationList section */
	};
	rootObject = 31EA4B5425ACE6B40097AA61 /* Project object */;
}
